
Microsoft Visual Studio Solution File, Format Version 12.00
# Visual Studio Version 17
VisualStudioVersion = 17.9.34728.123
MinimumVisualStudioVersion = 10.0.40219.1
Project("{8BC9CEB8-8B4A-11D0-8D11-00A0C91BC942}") = "QUtils", "..\QUtils\QUtils\QUtils.vcxproj", "{4D71BF2E-541A-4E75-A15B-960A03D242A1}"
EndProject
Project("{8BC9CEB8-8B4A-11D0-8D11-00A0C91BC942}") = "QVTK2DView", "QVTK2DView\QVTK2DView.vcxproj", "{1D58812F-4A52-4E10-99DB-D5BEF2930D2C}"
EndProject
Project("{8BC9CEB8-8B4A-11D0-8D11-00A0C91BC942}") = "Test", "Test\Test.vcxproj", "{CD8E8FB7-F252-4905-885E-0069063D4AEE}"
EndProject
Project("{8BC9CEB8-8B4A-11D0-8D11-00A0C91BC942}") = "QPluginManager", "..\QPluginManager\QPluginManager\QPluginManager.vcxproj", "{EA98EF0F-BDFE-47C3-8D37-60203985DAF9}"
EndProject
Project("{8BC9CEB8-8B4A-11D0-8D11-00A0C91BC942}") = "QPluginInterface", "..\QPluginManager\QPluginInterface\QPluginInterface.vcxproj", "{6109245D-0476-4A22-BA69-B38175E32B29}"
EndProject
Global
	GlobalSection(SolutionConfigurationPlatforms) = preSolution
		Debug|x64 = Debug|x64
		Qt5Debug|x64 = Qt5Debug|x64
		Qt5Release|x64 = Qt5Release|x64
		Release|x64 = Release|x64
	EndGlobalSection
	GlobalSection(ProjectConfigurationPlatforms) = postSolution
		{4D71BF2E-541A-4E75-A15B-960A03D242A1}.Debug|x64.ActiveCfg = Debug|x64
		{4D71BF2E-541A-4E75-A15B-960A03D242A1}.Debug|x64.Build.0 = Debug|x64
		{4D71BF2E-541A-4E75-A15B-960A03D242A1}.Qt5Debug|x64.ActiveCfg = Qt5Debug|x64
		{4D71BF2E-541A-4E75-A15B-960A03D242A1}.Qt5Debug|x64.Build.0 = Qt5Debug|x64
		{4D71BF2E-541A-4E75-A15B-960A03D242A1}.Qt5Release|x64.ActiveCfg = Qt5Release|x64
		{4D71BF2E-541A-4E75-A15B-960A03D242A1}.Qt5Release|x64.Build.0 = Qt5Release|x64
		{4D71BF2E-541A-4E75-A15B-960A03D242A1}.Release|x64.ActiveCfg = Release|x64
		{4D71BF2E-541A-4E75-A15B-960A03D242A1}.Release|x64.Build.0 = Release|x64
		{1D58812F-4A52-4E10-99DB-D5BEF2930D2C}.Debug|x64.ActiveCfg = Debug|x64
		{1D58812F-4A52-4E10-99DB-D5BEF2930D2C}.Debug|x64.Build.0 = Debug|x64
		{1D58812F-4A52-4E10-99DB-D5BEF2930D2C}.Qt5Debug|x64.ActiveCfg = Qt5Debug|x64
		{1D58812F-4A52-4E10-99DB-D5BEF2930D2C}.Qt5Debug|x64.Build.0 = Qt5Debug|x64
		{1D58812F-4A52-4E10-99DB-D5BEF2930D2C}.Qt5Release|x64.ActiveCfg = Qt5Debug|x64
		{1D58812F-4A52-4E10-99DB-D5BEF2930D2C}.Qt5Release|x64.Build.0 = Qt5Debug|x64
		{1D58812F-4A52-4E10-99DB-D5BEF2930D2C}.Release|x64.ActiveCfg = Release|x64
		{1D58812F-4A52-4E10-99DB-D5BEF2930D2C}.Release|x64.Build.0 = Release|x64
		{CD8E8FB7-F252-4905-885E-0069063D4AEE}.Debug|x64.ActiveCfg = Debug|x64
		{CD8E8FB7-F252-4905-885E-0069063D4AEE}.Debug|x64.Build.0 = Debug|x64
		{CD8E8FB7-F252-4905-885E-0069063D4AEE}.Qt5Debug|x64.ActiveCfg = Debug|x64
		{CD8E8FB7-F252-4905-885E-0069063D4AEE}.Qt5Debug|x64.Build.0 = Debug|x64
		{CD8E8FB7-F252-4905-885E-0069063D4AEE}.Qt5Release|x64.ActiveCfg = Release|x64
		{CD8E8FB7-F252-4905-885E-0069063D4AEE}.Qt5Release|x64.Build.0 = Release|x64
		{CD8E8FB7-F252-4905-885E-0069063D4AEE}.Release|x64.ActiveCfg = Release|x64
		{CD8E8FB7-F252-4905-885E-0069063D4AEE}.Release|x64.Build.0 = Release|x64
		{EA98EF0F-BDFE-47C3-8D37-60203985DAF9}.Debug|x64.ActiveCfg = Debug|x64
		{EA98EF0F-BDFE-47C3-8D37-60203985DAF9}.Debug|x64.Build.0 = Debug|x64
		{EA98EF0F-BDFE-47C3-8D37-60203985DAF9}.Qt5Debug|x64.ActiveCfg = Qt5Debug|x64
		{EA98EF0F-BDFE-47C3-8D37-60203985DAF9}.Qt5Debug|x64.Build.0 = Qt5Debug|x64
		{EA98EF0F-BDFE-47C3-8D37-60203985DAF9}.Qt5Release|x64.ActiveCfg = Qt5Release|x64
		{EA98EF0F-BDFE-47C3-8D37-60203985DAF9}.Qt5Release|x64.Build.0 = Qt5Release|x64
		{EA98EF0F-BDFE-47C3-8D37-60203985DAF9}.Release|x64.ActiveCfg = Release|x64
		{EA98EF0F-BDFE-47C3-8D37-60203985DAF9}.Release|x64.Build.0 = Release|x64
		{6109245D-0476-4A22-BA69-B38175E32B29}.Debug|x64.ActiveCfg = Debug|x64
		{6109245D-0476-4A22-BA69-B38175E32B29}.Debug|x64.Build.0 = Debug|x64
		{6109245D-0476-4A22-BA69-B38175E32B29}.Qt5Debug|x64.ActiveCfg = Qt5Debug|x64
		{6109245D-0476-4A22-BA69-B38175E32B29}.Qt5Debug|x64.Build.0 = Qt5Debug|x64
		{6109245D-0476-4A22-BA69-B38175E32B29}.Qt5Release|x64.ActiveCfg = Qt5Release|x64
		{6109245D-0476-4A22-BA69-B38175E32B29}.Qt5Release|x64.Build.0 = Qt5Release|x64
		{6109245D-0476-4A22-BA69-B38175E32B29}.Release|x64.ActiveCfg = Release|x64
		{6109245D-0476-4A22-BA69-B38175E32B29}.Release|x64.Build.0 = Release|x64
	EndGlobalSection
	GlobalSection(SolutionProperties) = preSolution
		HideSolutionNode = FALSE
	EndGlobalSection
	GlobalSection(ExtensibilityGlobals) = postSolution
		SolutionGuid = {19155D96-D538-448C-A2F1-1CE9560E199A}
	EndGlobalSection
EndGlobal
